
Microsoft Visual Studio Solution File, Format Version 12.00
# Visual Studio 2012
Project("{FAE04EC0-301F-11D3-BF4B-00C04F79EFBC}") = "Sitecore.Diagnostics.Server", "Sitecore.Diagnostics.Server.csproj", "{34215E33-D764-41E0-9A3A-C31D19D79607}"
EndProject
Project("{FAE04EC0-301F-11D3-BF4B-00C04F79EFBC}") = "Sitecore.Diagnostics.Client", "Sitecore.Diagnostics.Client.csproj", "{7FAECB96-E3D9-4223-8A5B-3A39F1A1F969}"
EndProject
Global
	GlobalSection(SolutionConfigurationPlatforms) = preSolution
		Debug|Any CPU = Debug|Any CPU
		Release|Any CPU = Release|Any CPU
	EndGlobalSection
	GlobalSection(ProjectConfigurationPlatforms) = postSolution
		{34215E33-D764-41E0-9A3A-C31D19D79607}.Debug|Any CPU.ActiveCfg = Debug|Any CPU
		{34215E33-D764-41E0-9A3A-C31D19D79607}.Debug|Any CPU.Build.0 = Debug|Any CPU
		{34215E33-D764-41E0-9A3A-C31D19D79607}.Release|Any CPU.ActiveCfg = Release|Any CPU
		{34215E33-D764-41E0-9A3A-C31D19D79607}.Release|Any CPU.Build.0 = Release|Any CPU
		{7FAECB96-E3D9-4223-8A5B-3A39F1A1F969}.Debug|Any CPU.ActiveCfg = Debug|Any CPU
		{7FAECB96-E3D9-4223-8A5B-3A39F1A1F969}.Debug|Any CPU.Build.0 = Debug|Any CPU
		{7FAECB96-E3D9-4223-8A5B-3A39F1A1F969}.Release|Any CPU.ActiveCfg = Release|Any CPU
		{7FAECB96-E3D9-4223-8A5B-3A39F1A1F969}.Release|Any CPU.Build.0 = Release|Any CPU
	EndGlobalSection
	GlobalSection(SolutionProperties) = preSolution
		HideSolutionNode = FALSE
	EndGlobalSection
EndGlobal
